
Microsoft Visual Studio Solution File, Format Version 12.00
# Visual Studio Version 16
VisualStudioVersion = 16.0.30621.155
MinimumVisualStudioVersion = 10.0.40219.1
Project("{FAE04EC0-301F-11D3-BF4B-00C04F79EFBC}") = "Biblioteca Virtual", "Biblioteca Virtual\Biblioteca Virtual.csproj", "{20A9195A-0DAE-4BD0-9856-1129E968117F}"
EndProject
Global
	GlobalSection(SolutionConfigurationPlatforms) = preSolution
		Debug|Any CPU = Debug|Any CPU
		Release|Any CPU = Release|Any CPU
	EndGlobalSection
	GlobalSection(ProjectConfigurationPlatforms) = postSolution
		{20A9195A-0DAE-4BD0-9856-1129E968117F}.Debug|Any CPU.ActiveCfg = Debug|Any CPU
		{20A9195A-0DAE-4BD0-9856-1129E968117F}.Debug|Any CPU.Build.0 = Debug|Any CPU
		{20A9195A-0DAE-4BD0-9856-1129E968117F}.Release|Any CPU.ActiveCfg = Release|Any CPU
		{20A9195A-0DAE-4BD0-9856-1129E968117F}.Release|Any CPU.Build.0 = Release|Any CPU
	EndGlobalSection
	GlobalSection(SolutionProperties) = preSolution
		HideSolutionNode = FALSE
	EndGlobalSection
	GlobalSection(ExtensibilityGlobals) = postSolution
		SolutionGuid = {D15F7AAB-5114-4954-8F35-CFCCFA3322FA}
	EndGlobalSection
EndGlobal
